
Microsoft Visual Studio Solution File, Format Version 12.00
# Visual Studio 2012
Project("{FAE04EC0-301F-11D3-BF4B-00C04F79EFBC}") = "Portfolio", "Portfolio\Portfolio.csproj", "{81697A4F-AE9B-4DCC-B420-1BF5AEE96EF4}"
EndProject
Project("{FAE04EC0-301F-11D3-BF4B-00C04F79EFBC}") = "Portfolio.Tests", "Portfolio.Tests\Portfolio.Tests.csproj", "{0E41298A-C08E-48A3-A004-C83B9C11DF8C}"
EndProject
Global
	GlobalSection(SolutionConfigurationPlatforms) = preSolution
		Debug|Any CPU = Debug|Any CPU
		Release|Any CPU = Release|Any CPU
	EndGlobalSection
	GlobalSection(ProjectConfigurationPlatforms) = postSolution
		{81697A4F-AE9B-4DCC-B420-1BF5AEE96EF4}.Debug|Any CPU.ActiveCfg = Debug|Any CPU
		{81697A4F-AE9B-4DCC-B420-1BF5AEE96EF4}.Debug|Any CPU.Build.0 = Debug|Any CPU
		{81697A4F-AE9B-4DCC-B420-1BF5AEE96EF4}.Release|Any CPU.ActiveCfg = Release|Any CPU
		{81697A4F-AE9B-4DCC-B420-1BF5AEE96EF4}.Release|Any CPU.Build.0 = Release|Any CPU
		{0E41298A-C08E-48A3-A004-C83B9C11DF8C}.Debug|Any CPU.ActiveCfg = Debug|Any CPU
		{0E41298A-C08E-48A3-A004-C83B9C11DF8C}.Debug|Any CPU.Build.0 = Debug|Any CPU
		{0E41298A-C08E-48A3-A004-C83B9C11DF8C}.Release|Any CPU.ActiveCfg = Release|Any CPU
		{0E41298A-C08E-48A3-A004-C83B9C11DF8C}.Release|Any CPU.Build.0 = Release|Any CPU
	EndGlobalSection
	GlobalSection(SolutionProperties) = preSolution
		HideSolutionNode = FALSE
	EndGlobalSection
EndGlobal
